
Microsoft Visual Studio Solution File, Format Version 12.00
# Visual Studio Version 17
VisualStudioVersion = 17.0.31903.59
MinimumVisualStudioVersion = 10.0.40219.1
Project("{FAE04EC0-301F-11D3-BF4B-00C04F79EFBC}") = "SolveMeFirst", "SolveMeFirst\SolveMeFirst.csproj", "{673529F3-99F5-4BC8-8B76-396ADD799E77}"
EndProject
Project("{FAE04EC0-301F-11D3-BF4B-00C04F79EFBC}") = "SimpleArraySum", "SimpleArraySum\SimpleArraySum.csproj", "{49A3D44B-7004-46E7-B5C9-6E7696978962}"
EndProject
Project("{FAE04EC0-301F-11D3-BF4B-00C04F79EFBC}") = "CompareTheTriplets", "CompareTheTriplets\CompareTheTriplets.csproj", "{31FC0FED-535A-46C2-BCA2-244FFD0C6B78}"
EndProject
Project("{FAE04EC0-301F-11D3-BF4B-00C04F79EFBC}") = "AVeryBigSum", "AVeryBigSum\AVeryBigSum.csproj", "{B465346F-51AD-481D-A623-3C72F6F2DF2E}"
EndProject
Project("{FAE04EC0-301F-11D3-BF4B-00C04F79EFBC}") = "DiagonalDifference", "DiagonalDifference\DiagonalDifference.csproj", "{2BEC091B-BD23-4B04-9635-723CBE7997EF}"
EndProject
Project("{FAE04EC0-301F-11D3-BF4B-00C04F79EFBC}") = "PlusMinus", "PlusMinus\PlusMinus.csproj", "{0E6D8489-5090-4AA7-8960-65E3497F99EB}"
EndProject
Project("{FAE04EC0-301F-11D3-BF4B-00C04F79EFBC}") = "Staircase", "Staircase\Staircase.csproj", "{C0F749D0-C68A-4CD9-9364-1EAA99309B34}"
EndProject
Project("{FAE04EC0-301F-11D3-BF4B-00C04F79EFBC}") = "MiniMaxSum", "MiniMaxSum\MiniMaxSum.csproj", "{9749C19E-61C2-41DD-810C-4BDBE17240F5}"
EndProject
Project("{FAE04EC0-301F-11D3-BF4B-00C04F79EFBC}") = "HollowSquare", "HollowSquare\HollowSquare.csproj", "{B72FA801-FAB6-4639-BBC1-128F42AA2D41}"
EndProject
Project("{FAE04EC0-301F-11D3-BF4B-00C04F79EFBC}") = "HollowRectangle", "HollowRectangle\HollowRectangle.csproj", "{26FFCD94-B48C-42F7-98F9-9D827CD36308}"
EndProject
Project("{FAE04EC0-301F-11D3-BF4B-00C04F79EFBC}") = "RightAngledTriangles", "RightAngledTriangles\RightAngledTriangles.csproj", "{6F9AA113-9B20-42CD-AA69-1B6191BCEEC2}"
EndProject
Project("{FAE04EC0-301F-11D3-BF4B-00C04F79EFBC}") = "Diamond", "Diamond\Diamond.csproj", "{46422563-3F21-4C0C-84CE-1AA374BC674B}"
EndProject
Project("{FAE04EC0-301F-11D3-BF4B-00C04F79EFBC}") = "BirthdayCakeCandles", "BirthdayCakeCandles\BirthdayCakeCandles.csproj", "{01C2E6A4-69E5-48C1-A853-98E0F41BB5BA}"
EndProject
Project("{FAE04EC0-301F-11D3-BF4B-00C04F79EFBC}") = "TimeConversion", "TimeConversion\TimeConversion.csproj", "{5ECF3041-9FA2-4DB9-8464-4CD32936F6AF}"
EndProject
Project("{FAE04EC0-301F-11D3-BF4B-00C04F79EFBC}") = "SuperReducedString", "SuperReducedString\SuperReducedString.csproj", "{53B91177-E0CB-46C5-9610-B1E8FC00C4ED}"
EndProject
Project("{FAE04EC0-301F-11D3-BF4B-00C04F79EFBC}") = "CamelCase", "CamelCase\CamelCase.csproj", "{BC1FB215-B714-4EA0-A45E-DC3AFDA539C2}"
EndProject
Project("{FAE04EC0-301F-11D3-BF4B-00C04F79EFBC}") = "StrongPassword", "StrongPassword\StrongPassword.csproj", "{30E7075D-52EA-40B7-8745-63A26DA87954}"
EndProject
Project("{FAE04EC0-301F-11D3-BF4B-00C04F79EFBC}") = "CaesarCipher", "CaesarCipher\CaesarCipher.csproj", "{642F6085-4B23-4725-9A16-084292C67F6E}"
EndProject
Project("{FAE04EC0-301F-11D3-BF4B-00C04F79EFBC}") = "MarsExploration", "MarsExploration\MarsExploration.csproj", "{8EA0F75D-BB66-4F8F-B41B-841BAD25164A}"
EndProject
Project("{FAE04EC0-301F-11D3-BF4B-00C04F79EFBC}") = "HackerRankInAString", "HackerRankInAString\HackerRankInAString.csproj", "{5E728398-AF5D-4828-87F5-07CF3ACD104F}"
EndProject
Project("{FAE04EC0-301F-11D3-BF4B-00C04F79EFBC}") = "Pangrams", "Pangrams\Pangrams.csproj", "{71247075-74E8-4A14-905F-45C31CC50DF8}"
EndProject
Global
	GlobalSection(SolutionConfigurationPlatforms) = preSolution
		Debug|Any CPU = Debug|Any CPU
		Release|Any CPU = Release|Any CPU
	EndGlobalSection
	GlobalSection(SolutionProperties) = preSolution
		HideSolutionNode = FALSE
	EndGlobalSection
	GlobalSection(ProjectConfigurationPlatforms) = postSolution
		{673529F3-99F5-4BC8-8B76-396ADD799E77}.Debug|Any CPU.ActiveCfg = Debug|Any CPU
		{673529F3-99F5-4BC8-8B76-396ADD799E77}.Debug|Any CPU.Build.0 = Debug|Any CPU
		{673529F3-99F5-4BC8-8B76-396ADD799E77}.Release|Any CPU.ActiveCfg = Release|Any CPU
		{673529F3-99F5-4BC8-8B76-396ADD799E77}.Release|Any CPU.Build.0 = Release|Any CPU
		{49A3D44B-7004-46E7-B5C9-6E7696978962}.Debug|Any CPU.ActiveCfg = Debug|Any CPU
		{49A3D44B-7004-46E7-B5C9-6E7696978962}.Debug|Any CPU.Build.0 = Debug|Any CPU
		{49A3D44B-7004-46E7-B5C9-6E7696978962}.Release|Any CPU.ActiveCfg = Release|Any CPU
		{49A3D44B-7004-46E7-B5C9-6E7696978962}.Release|Any CPU.Build.0 = Release|Any CPU
		{31FC0FED-535A-46C2-BCA2-244FFD0C6B78}.Debug|Any CPU.ActiveCfg = Debug|Any CPU
		{31FC0FED-535A-46C2-BCA2-244FFD0C6B78}.Debug|Any CPU.Build.0 = Debug|Any CPU
		{31FC0FED-535A-46C2-BCA2-244FFD0C6B78}.Release|Any CPU.ActiveCfg = Release|Any CPU
		{31FC0FED-535A-46C2-BCA2-244FFD0C6B78}.Release|Any CPU.Build.0 = Release|Any CPU
		{B465346F-51AD-481D-A623-3C72F6F2DF2E}.Debug|Any CPU.ActiveCfg = Debug|Any CPU
		{B465346F-51AD-481D-A623-3C72F6F2DF2E}.Debug|Any CPU.Build.0 = Debug|Any CPU
		{B465346F-51AD-481D-A623-3C72F6F2DF2E}.Release|Any CPU.ActiveCfg = Release|Any CPU
		{B465346F-51AD-481D-A623-3C72F6F2DF2E}.Release|Any CPU.Build.0 = Release|Any CPU
		{2BEC091B-BD23-4B04-9635-723CBE7997EF}.Debug|Any CPU.ActiveCfg = Debug|Any CPU
		{2BEC091B-BD23-4B04-9635-723CBE7997EF}.Debug|Any CPU.Build.0 = Debug|Any CPU
		{2BEC091B-BD23-4B04-9635-723CBE7997EF}.Release|Any CPU.ActiveCfg = Release|Any CPU
		{2BEC091B-BD23-4B04-9635-723CBE7997EF}.Release|Any CPU.Build.0 = Release|Any CPU
		{0E6D8489-5090-4AA7-8960-65E3497F99EB}.Debug|Any CPU.ActiveCfg = Debug|Any CPU
		{0E6D8489-5090-4AA7-8960-65E3497F99EB}.Debug|Any CPU.Build.0 = Debug|Any CPU
		{0E6D8489-5090-4AA7-8960-65E3497F99EB}.Release|Any CPU.ActiveCfg = Release|Any CPU
		{0E6D8489-5090-4AA7-8960-65E3497F99EB}.Release|Any CPU.Build.0 = Release|Any CPU
		{C0F749D0-C68A-4CD9-9364-1EAA99309B34}.Debug|Any CPU.ActiveCfg = Debug|Any CPU
		{C0F749D0-C68A-4CD9-9364-1EAA99309B34}.Debug|Any CPU.Build.0 = Debug|Any CPU
		{C0F749D0-C68A-4CD9-9364-1EAA99309B34}.Release|Any CPU.ActiveCfg = Release|Any CPU
		{C0F749D0-C68A-4CD9-9364-1EAA99309B34}.Release|Any CPU.Build.0 = Release|Any CPU
		{9749C19E-61C2-41DD-810C-4BDBE17240F5}.Debug|Any CPU.ActiveCfg = Debug|Any CPU
		{9749C19E-61C2-41DD-810C-4BDBE17240F5}.Debug|Any CPU.Build.0 = Debug|Any CPU
		{9749C19E-61C2-41DD-810C-4BDBE17240F5}.Release|Any CPU.ActiveCfg = Release|Any CPU
		{9749C19E-61C2-41DD-810C-4BDBE17240F5}.Release|Any CPU.Build.0 = Release|Any CPU
		{B72FA801-FAB6-4639-BBC1-128F42AA2D41}.Debug|Any CPU.ActiveCfg = Debug|Any CPU
		{B72FA801-FAB6-4639-BBC1-128F42AA2D41}.Debug|Any CPU.Build.0 = Debug|Any CPU
		{B72FA801-FAB6-4639-BBC1-128F42AA2D41}.Release|Any CPU.ActiveCfg = Release|Any CPU
		{B72FA801-FAB6-4639-BBC1-128F42AA2D41}.Release|Any CPU.Build.0 = Release|Any CPU
		{26FFCD94-B48C-42F7-98F9-9D827CD36308}.Debug|Any CPU.ActiveCfg = Debug|Any CPU
		{26FFCD94-B48C-42F7-98F9-9D827CD36308}.Debug|Any CPU.Build.0 = Debug|Any CPU
		{26FFCD94-B48C-42F7-98F9-9D827CD36308}.Release|Any CPU.ActiveCfg = Release|Any CPU
		{26FFCD94-B48C-42F7-98F9-9D827CD36308}.Release|Any CPU.Build.0 = Release|Any CPU
		{6F9AA113-9B20-42CD-AA69-1B6191BCEEC2}.Debug|Any CPU.ActiveCfg = Debug|Any CPU
		{6F9AA113-9B20-42CD-AA69-1B6191BCEEC2}.Debug|Any CPU.Build.0 = Debug|Any CPU
		{6F9AA113-9B20-42CD-AA69-1B6191BCEEC2}.Release|Any CPU.ActiveCfg = Release|Any CPU
		{6F9AA113-9B20-42CD-AA69-1B6191BCEEC2}.Release|Any CPU.Build.0 = Release|Any CPU
		{46422563-3F21-4C0C-84CE-1AA374BC674B}.Debug|Any CPU.ActiveCfg = Debug|Any CPU
		{46422563-3F21-4C0C-84CE-1AA374BC674B}.Debug|Any CPU.Build.0 = Debug|Any CPU
		{46422563-3F21-4C0C-84CE-1AA374BC674B}.Release|Any CPU.ActiveCfg = Release|Any CPU
		{46422563-3F21-4C0C-84CE-1AA374BC674B}.Release|Any CPU.Build.0 = Release|Any CPU
		{01C2E6A4-69E5-48C1-A853-98E0F41BB5BA}.Debug|Any CPU.ActiveCfg = Debug|Any CPU
		{01C2E6A4-69E5-48C1-A853-98E0F41BB5BA}.Debug|Any CPU.Build.0 = Debug|Any CPU
		{01C2E6A4-69E5-48C1-A853-98E0F41BB5BA}.Release|Any CPU.ActiveCfg = Release|Any CPU
		{01C2E6A4-69E5-48C1-A853-98E0F41BB5BA}.Release|Any CPU.Build.0 = Release|Any CPU
		{5ECF3041-9FA2-4DB9-8464-4CD32936F6AF}.Debug|Any CPU.ActiveCfg = Debug|Any CPU
		{5ECF3041-9FA2-4DB9-8464-4CD32936F6AF}.Debug|Any CPU.Build.0 = Debug|Any CPU
		{5ECF3041-9FA2-4DB9-8464-4CD32936F6AF}.Release|Any CPU.ActiveCfg = Release|Any CPU
		{5ECF3041-9FA2-4DB9-8464-4CD32936F6AF}.Release|Any CPU.Build.0 = Release|Any CPU
		{53B91177-E0CB-46C5-9610-B1E8FC00C4ED}.Debug|Any CPU.ActiveCfg = Debug|Any CPU
		{53B91177-E0CB-46C5-9610-B1E8FC00C4ED}.Debug|Any CPU.Build.0 = Debug|Any CPU
		{53B91177-E0CB-46C5-9610-B1E8FC00C4ED}.Release|Any CPU.ActiveCfg = Release|Any CPU
		{53B91177-E0CB-46C5-9610-B1E8FC00C4ED}.Release|Any CPU.Build.0 = Release|Any CPU
		{BC1FB215-B714-4EA0-A45E-DC3AFDA539C2}.Debug|Any CPU.ActiveCfg = Debug|Any CPU
		{BC1FB215-B714-4EA0-A45E-DC3AFDA539C2}.Debug|Any CPU.Build.0 = Debug|Any CPU
		{BC1FB215-B714-4EA0-A45E-DC3AFDA539C2}.Release|Any CPU.ActiveCfg = Release|Any CPU
		{BC1FB215-B714-4EA0-A45E-DC3AFDA539C2}.Release|Any CPU.Build.0 = Release|Any CPU
		{30E7075D-52EA-40B7-8745-63A26DA87954}.Debug|Any CPU.ActiveCfg = Debug|Any CPU
		{30E7075D-52EA-40B7-8745-63A26DA87954}.Debug|Any CPU.Build.0 = Debug|Any CPU
		{30E7075D-52EA-40B7-8745-63A26DA87954}.Release|Any CPU.ActiveCfg = Release|Any CPU
		{30E7075D-52EA-40B7-8745-63A26DA87954}.Release|Any CPU.Build.0 = Release|Any CPU
		{642F6085-4B23-4725-9A16-084292C67F6E}.Debug|Any CPU.ActiveCfg = Debug|Any CPU
		{642F6085-4B23-4725-9A16-084292C67F6E}.Debug|Any CPU.Build.0 = Debug|Any CPU
		{642F6085-4B23-4725-9A16-084292C67F6E}.Release|Any CPU.ActiveCfg = Release|Any CPU
		{642F6085-4B23-4725-9A16-084292C67F6E}.Release|Any CPU.Build.0 = Release|Any CPU
		{8EA0F75D-BB66-4F8F-B41B-841BAD25164A}.Debug|Any CPU.ActiveCfg = Debug|Any CPU
		{8EA0F75D-BB66-4F8F-B41B-841BAD25164A}.Debug|Any CPU.Build.0 = Debug|Any CPU
		{8EA0F75D-BB66-4F8F-B41B-841BAD25164A}.Release|Any CPU.ActiveCfg = Release|Any CPU
		{8EA0F75D-BB66-4F8F-B41B-841BAD25164A}.Release|Any CPU.Build.0 = Release|Any CPU
		{5E728398-AF5D-4828-87F5-07CF3ACD104F}.Debug|Any CPU.ActiveCfg = Debug|Any CPU
		{5E728398-AF5D-4828-87F5-07CF3ACD104F}.Debug|Any CPU.Build.0 = Debug|Any CPU
		{5E728398-AF5D-4828-87F5-07CF3ACD104F}.Release|Any CPU.ActiveCfg = Release|Any CPU
		{5E728398-AF5D-4828-87F5-07CF3ACD104F}.Release|Any CPU.Build.0 = Release|Any CPU
		{71247075-74E8-4A14-905F-45C31CC50DF8}.Debug|Any CPU.ActiveCfg = Debug|Any CPU
		{71247075-74E8-4A14-905F-45C31CC50DF8}.Debug|Any CPU.Build.0 = Debug|Any CPU
		{71247075-74E8-4A14-905F-45C31CC50DF8}.Release|Any CPU.ActiveCfg = Release|Any CPU
		{71247075-74E8-4A14-905F-45C31CC50DF8}.Release|Any CPU.Build.0 = Release|Any CPU
	EndGlobalSection
EndGlobal
